// !$*UTF8*$!
{
	archiveVersion = 1;
	classes = {
	};
	objectVersion = 56;
	objects = {

/* Begin PBXBuildFile section */
		04375A2B29F2EA9800D92EC5 /* JSON_ParsingApp.swift in Sources */ = {isa = PBXBuildFile; fileRef = 04375A2A29F2EA9800D92EC5 /* JSON_ParsingApp.swift */; };
		04375A2D29F2EA9800D92EC5 /* ContentView.swift in Sources */ = {isa = PBXBuildFile; fileRef = 04375A2C29F2EA9800D92EC5 /* ContentView.swift */; };
		04375A2F29F2EA9A00D92EC5 /* Assets.xcassets in Resources */ = {isa = PBXBuildFile; fileRef = 04375A2E29F2EA9A00D92EC5 /* Assets.xcassets */; };
		04375A3229F2EA9A00D92EC5 /* Preview Assets.xcassets in Resources */ = {isa = PBXBuildFile; fileRef = 04375A3129F2EA9A00D92EC5 /* Preview Assets.xcassets */; };
		04375A3D29F2EBE900D92EC5 /* data.json in Resources */ = {isa = PBXBuildFile; fileRef = 04375A3C29F2EBE900D92EC5 /* data.json */; };
		04375A3F29F2FA9400D92EC5 /* RecipeModel.swift in Sources */ = {isa = PBXBuildFile; fileRef = 04375A3E29F2FA9400D92EC5 /* RecipeModel.swift */; };
		04375A4129F2FAF000D92EC5 /* Recipe.swift in Sources */ = {isa = PBXBuildFile; fileRef = 04375A4029F2FAF000D92EC5 /* Recipe.swift */; };
		04375A4329F30EEC00D92EC5 /* HomeView.swift in Sources */ = {isa = PBXBuildFile; fileRef = 04375A4229F30EEC00D92EC5 /* HomeView.swift */; };
/* End PBXBuildFile section */

/* Begin PBXFileReference section */
		04375A2729F2EA9800D92EC5 /* JSON Parsing.app */ = {isa = PBXFileReference; explicitFileType = wrapper.application; includeInIndex = 0; path = "JSON Parsing.app"; sourceTree = BUILT_PRODUCTS_DIR; };
		04375A2A29F2EA9800D92EC5 /* JSON_ParsingApp.swift */ = {isa = PBXFileReference; lastKnownFileType = sourcecode.swift; path = JSON_ParsingApp.swift; sourceTree = "<group>"; };
		04375A2C29F2EA9800D92EC5 /* ContentView.swift */ = {isa = PBXFileReference; lastKnownFileType = sourcecode.swift; path = ContentView.swift; sourceTree = "<group>"; };
		04375A2E29F2EA9A00D92EC5 /* Assets.xcassets */ = {isa = PBXFileReference; lastKnownFileType = folder.assetcatalog; path = Assets.xcassets; sourceTree = "<group>"; };
		04375A3129F2EA9A00D92EC5 /* Preview Assets.xcassets */ = {isa = PBXFileReference; lastKnownFileType = folder.assetcatalog; path = "Preview Assets.xcassets"; sourceTree = "<group>"; };
		04375A3C29F2EBE900D92EC5 /* data.json */ = {isa = PBXFileReference; lastKnownFileType = text.json; path = data.json; sourceTree = "<group>"; };
		04375A3E29F2FA9400D92EC5 /* RecipeModel.swift */ = {isa = PBXFileReference; lastKnownFileType = sourcecode.swift; path = RecipeModel.swift; sourceTree = "<group>"; };
		04375A4029F2FAF000D92EC5 /* Recipe.swift */ = {isa = PBXFileReference; lastKnownFileType = sourcecode.swift; path = Recipe.swift; sourceTree = "<group>"; };
		04375A4229F30EEC00D92EC5 /* HomeView.swift */ = {isa = PBXFileReference; lastKnownFileType = sourcecode.swift; path = HomeView.swift; sourceTree = "<group>"; };
/* End PBXFileReference section */

/* Begin PBXFrameworksBuildPhase section */
		04375A2429F2EA9800D92EC5 /* Frameworks */ = {
			isa = PBXFrameworksBuildPhase;
			buildActionMask = 2147483647;
			files = (
			);
			runOnlyForDeploymentPostprocessing = 0;
		};
/* End PBXFrameworksBuildPhase section */

/* Begin PBXGroup section */
		04375A1E29F2EA9800D92EC5 = {
			isa = PBXGroup;
			children = (
				04375A2A29F2EA9800D92EC5 /* JSON_ParsingApp.swift */,
				04375A2C29F2EA9800D92EC5 /* ContentView.swift */,
				04375A2929F2EA9800D92EC5 /* JSON Parsing */,
				04375A2829F2EA9800D92EC5 /* Products */,
			);
			sourceTree = "<group>";
		};
		04375A2829F2EA9800D92EC5 /* Products */ = {
			isa = PBXGroup;
			children = (
				04375A2729F2EA9800D92EC5 /* JSON Parsing.app */,
			);
			name = Products;
			sourceTree = "<group>";
		};
		04375A2929F2EA9800D92EC5 /* JSON Parsing */ = {
			isa = PBXGroup;
			children = (
				04375A3829F2EB0700D92EC5 /* ViewModels */,
				04375A3929F2EB1300D92EC5 /* Models */,
				04375A3A29F2EB1C00D92EC5 /* Views */,
				04375A3B29F2EB2300D92EC5 /* Data */,
				04375A2E29F2EA9A00D92EC5 /* Assets.xcassets */,
				04375A3029F2EA9A00D92EC5 /* Preview Content */,
			);
			path = "JSON Parsing";
			sourceTree = "<group>";
		};
		04375A3029F2EA9A00D92EC5 /* Preview Content */ = {
			isa = PBXGroup;
			children = (
				04375A3129F2EA9A00D92EC5 /* Preview Assets.xcassets */,
			);
			path = "Preview Content";
			sourceTree = "<group>";
		};
		04375A3829F2EB0700D92EC5 /* ViewModels */ = {
			isa = PBXGroup;
			children = (
				04375A3E29F2FA9400D92EC5 /* RecipeModel.swift */,
			);
			path = ViewModels;
			sourceTree = "<group>";
		};
		04375A3929F2EB1300D92EC5 /* Models */ = {
			isa = PBXGroup;
			children = (
				04375A4029F2FAF000D92EC5 /* Recipe.swift */,
			);
			path = Models;
			sourceTree = "<group>";
		};
		04375A3A29F2EB1C00D92EC5 /* Views */ = {
			isa = PBXGroup;
			children = (
				04375A4229F30EEC00D92EC5 /* HomeView.swift */,
			);
			path = Views;
			sourceTree = "<group>";
		};
		04375A3B29F2EB2300D92EC5 /* Data */ = {
			isa = PBXGroup;
			children = (
				04375A3C29F2EBE900D92EC5 /* data.json */,
			);
			path = Data;
			sourceTree = "<group>";
		};
/* End PBXGroup section */

/* Begin PBXNativeTarget section */
		04375A2629F2EA9800D92EC5 /* JSON Parsing */ = {
			isa = PBXNativeTarget;
			buildConfigurationList = 04375A3529F2EA9A00D92EC5 /* Build configuration list for PBXNativeTarget "JSON Parsing" */;
			buildPhases = (
				04375A2329F2EA9800D92EC5 /* Sources */,
				04375A2429F2EA9800D92EC5 /* Frameworks */,
				04375A2529F2EA9800D92EC5 /* Resources */,
			);
			buildRules = (
			);
			dependencies = (
			);
			name = "JSON Parsing";
			productName = "JSON Parsing";
			productReference = 04375A2729F2EA9800D92EC5 /* JSON Parsing.app */;
			productType = "com.apple.product-type.application";
		};
/* End PBXNativeTarget section */

/* Begin PBXProject section */
		04375A1F29F2EA9800D92EC5 /* Project object */ = {
			isa = PBXProject;
			attributes = {
				BuildIndependentTargetsInParallel = 1;
				LastSwiftUpdateCheck = 1420;
				LastUpgradeCheck = 1420;
				TargetAttributes = {
					04375A2629F2EA9800D92EC5 = {
						CreatedOnToolsVersion = 14.2;
					};
				};
			};
			buildConfigurationList = 04375A2229F2EA9800D92EC5 /* Build configuration list for PBXProject "JSON Parsing" */;
			compatibilityVersion = "Xcode 14.0";
			developmentRegion = en;
			hasScannedForEncodings = 0;
			knownRegions = (
				en,
				Base,
			);
			mainGroup = 04375A1E29F2EA9800D92EC5;
			productRefGroup = 04375A2829F2EA9800D92EC5 /* Products */;
			projectDirPath = "";
			projectRoot = "";
			targets = (
				04375A2629F2EA9800D92EC5 /* JSON Parsing */,
			);
		};
/* End PBXProject section */

/* Begin PBXResourcesBuildPhase section */
		04375A2529F2EA9800D92EC5 /* Resources */ = {
			isa = PBXResourcesBuildPhase;
			buildActionMask = 2147483647;
			files = (
				04375A3229F2EA9A00D92EC5 /* Preview Assets.xcassets in Resources */,
				04375A3D29F2EBE900D92EC5 /* data.json in Resources */,
				04375A2F29F2EA9A00D92EC5 /* Assets.xcassets in Resources */,
			);
			runOnlyForDeploymentPostprocessing = 0;
		};
/* End PBXResourcesBuildPhase section */

/* Begin PBXSourcesBuildPhase section */
		04375A2329F2EA9800D92EC5 /* Sources */ = {
			isa = PBXSourcesBuildPhase;
			buildActionMask = 2147483647;
			files = (
				04375A2D29F2EA9800D92EC5 /* ContentView.swift in Sources */,
				04375A2B29F2EA9800D92EC5 /* JSON_ParsingApp.swift in Sources */,
				04375A3F29F2FA9400D92EC5 /* RecipeModel.swift in Sources */,
				04375A4329F30EEC00D92EC5 /* HomeView.swift in Sources */,
				04375A4129F2FAF000D92EC5 /* Recipe.swift in Sources */,
			);
			runOnlyForDeploymentPostprocessing = 0;
		};
/* End PBXSourcesBuildPhase section */

/* Begin XCBuildConfiguration section */
		04375A3329F2EA9A00D92EC5 /* Debug */ = {
			isa = XCBuildConfiguration;
			buildSettings = {
				ALWAYS_SEARCH_USER_PATHS = NO;
				CLANG_ANALYZER_NONNULL = YES;
				CLANG_ANALYZER_NUMBER_OBJECT_CONVERSION = YES_AGGRESSIVE;
				CLANG_CXX_LANGUAGE_STANDARD = "gnu++20";
				CLANG_ENABLE_MODULES = YES;
				CLANG_ENABLE_OBJC_ARC = YES;
				CLANG_ENABLE_OBJC_WEAK = YES;
				CLANG_WARN_BLOCK_CAPTURE_AUTORELEASING = YES;
				CLANG_WARN_BOOL_CONVERSION = YES;
				CLANG_WARN_COMMA = YES;
				CLANG_WARN_CONSTANT_CONVERSION = YES;
				CLANG_WARN_DEPRECATED_OBJC_IMPLEMENTATIONS = YES;
				CLANG_WARN_DIRECT_OBJC_ISA_USAGE = YES_ERROR;
				CLANG_WARN_DOCUMENTATION_COMMENTS = YES;
				CLANG_WARN_EMPTY_BODY = YES;
				CLANG_WARN_ENUM_CONVERSION = YES;
				CLANG_WARN_INFINITE_RECURSION = YES;
				CLANG_WARN_INT_CONVERSION = YES;
				CLANG_WARN_NON_LITERAL_NULL_CONVERSION = YES;
				CLANG_WARN_OBJC_IMPLICIT_RETAIN_SELF = YES;
				CLANG_WARN_OBJC_LITERAL_CONVERSION = YES;
				CLANG_WARN_OBJC_ROOT_CLASS = YES_ERROR;
				CLANG_WARN_QUOTED_INCLUDE_IN_FRAMEWORK_HEADER = YES;
				CLANG_WARN_RANGE_LOOP_ANALYSIS = YES;
				CLANG_WARN_STRICT_PROTOTYPES = YES;
				CLANG_WARN_SUSPICIOUS_MOVE = YES;
				CLANG_WARN_UNGUARDED_AVAILABILITY = YES_AGGRESSIVE;
				CLANG_WARN_UNREACHABLE_CODE = YES;
				CLANG_WARN__DUPLICATE_METHOD_MATCH = YES;
				COPY_PHASE_STRIP = NO;
				DEBUG_INFORMATION_FORMAT = dwarf;
				ENABLE_STRICT_OBJC_MSGSEND = YES;
				ENABLE_TESTABILITY = YES;
				GCC_C_LANGUAGE_STANDARD = gnu11;
				GCC_DYNAMIC_NO_PIC = NO;
				GCC_NO_COMMON_BLOCKS = YES;
				GCC_OPTIMIZATION_LEVEL = 0;
				GCC_PREPROCESSOR_DEFINITIONS = (
					"DEBUG=1",
					"$(inherited)",
				);
				GCC_WARN_64_TO_32_BIT_CONVERSION = YES;
				GCC_WARN_ABOUT_RETURN_TYPE = YES_ERROR;
				GCC_WARN_UNDECLARED_SELECTOR = YES;
				GCC_WARN_UNINITIALIZED_AUTOS = YES_AGGRESSIVE;
				GCC_WARN_UNUSED_FUNCTION = YES;
				GCC_WARN_UNUSED_VARIABLE = YES;
				IPHONEOS_DEPLOYMENT_TARGET = 16.2;
				MTL_ENABLE_DEBUG_INFO = INCLUDE_SOURCE;
				MTL_FAST_MATH = YES;
				ONLY_ACTIVE_ARCH = YES;
				SDKROOT = iphoneos;
				SWIFT_ACTIVE_COMPILATION_CONDITIONS = DEBUG;
				SWIFT_OPTIMIZATION_LEVEL = "-Onone";
			};
			name = Debug;
		};
		04375A3429F2EA9A00D92EC5 /* Release */ = {
			isa = XCBuildConfiguration;
			buildSettings = {
				ALWAYS_SEARCH_USER_PATHS = NO;
				CLANG_ANALYZER_NONNULL = YES;
				CLANG_ANALYZER_NUMBER_OBJECT_CONVERSION = YES_AGGRESSIVE;
				CLANG_CXX_LANGUAGE_STANDARD = "gnu++20";
				CLANG_ENABLE_MODULES = YES;
				CLANG_ENABLE_OBJC_ARC = YES;
				CLANG_ENABLE_OBJC_WEAK = YES;
				CLANG_WARN_BLOCK_CAPTURE_AUTORELEASING = YES;
				CLANG_WARN_BOOL_CONVERSION = YES;
				CLANG_WARN_COMMA = YES;
				CLANG_WARN_CONSTANT_CONVERSION = YES;
				CLANG_WARN_DEPRECATED_OBJC_IMPLEMENTATIONS = YES;
				CLANG_WARN_DIRECT_OBJC_ISA_USAGE = YES_ERROR;
				CLANG_WARN_DOCUMENTATION_COMMENTS = YES;
				CLANG_WARN_EMPTY_BODY = YES;
				CLANG_WARN_ENUM_CONVERSION = YES;
				CLANG_WARN_INFINITE_RECURSION = YES;
				CLANG_WARN_INT_CONVERSION = YES;
				CLANG_WARN_NON_LITERAL_NULL_CONVERSION = YES;
				CLANG_WARN_OBJC_IMPLICIT_RETAIN_SELF = YES;
				CLANG_WARN_OBJC_LITERAL_CONVERSION = YES;
				CLANG_WARN_OBJC_ROOT_CLASS = YES_ERROR;
				CLANG_WARN_QUOTED_INCLUDE_IN_FRAMEWORK_HEADER = YES;
				CLANG_WARN_RANGE_LOOP_ANALYSIS = YES;
				CLANG_WARN_STRICT_PROTOTYPES = YES;
				CLANG_WARN_SUSPICIOUS_MOVE = YES;
				CLANG_WARN_UNGUARDED_AVAILABILITY = YES_AGGRESSIVE;
				CLANG_WARN_UNREACHABLE_CODE = YES;
				CLANG_WARN__DUPLICATE_METHOD_MATCH = YES;
				COPY_PHASE_STRIP = NO;
				DEBUG_INFORMATION_FORMAT = "dwarf-with-dsym";
				ENABLE_NS_ASSERTIONS = NO;
				ENABLE_STRICT_OBJC_MSGSEND = YES;
				GCC_C_LANGUAGE_STANDARD = gnu11;
				GCC_NO_COMMON_BLOCKS = YES;
				GCC_WARN_64_TO_32_BIT_CONVERSION = YES;
				GCC_WARN_ABOUT_RETURN_TYPE = YES_ERROR;
				GCC_WARN_UNDECLARED_SELECTOR = YES;
				GCC_WARN_UNINITIALIZED_AUTOS = YES_AGGRESSIVE;
				GCC_WARN_UNUSED_FUNCTION = YES;
				GCC_WARN_UNUSED_VARIABLE = YES;
				IPHONEOS_DEPLOYMENT_TARGET = 16.2;
				MTL_ENABLE_DEBUG_INFO = NO;
				MTL_FAST_MATH = YES;
				SDKROOT = iphoneos;
				SWIFT_COMPILATION_MODE = wholemodule;
				SWIFT_OPTIMIZATION_LEVEL = "-O";
				VALIDATE_PRODUCT = YES;
			};
			name = Release;
		};
		04375A3629F2EA9A00D92EC5 /* Debug */ = {
			isa = XCBuildConfiguration;
			buildSettings = {
				ASSETCATALOG_COMPILER_APPICON_NAME = AppIcon;
				ASSETCATALOG_COMPILER_GLOBAL_ACCENT_COLOR_NAME = AccentColor;
				CODE_SIGN_STYLE = Automatic;
				CURRENT_PROJECT_VERSION = 1;
				DEVELOPMENT_ASSET_PATHS = "\"JSON Parsing/Preview Content\"";
				ENABLE_PREVIEWS = YES;
				GENERATE_INFOPLIST_FILE = YES;
				INFOPLIST_KEY_UIApplicationSceneManifest_Generation = YES;
				INFOPLIST_KEY_UIApplicationSupportsIndirectInputEvents = YES;
				INFOPLIST_KEY_UILaunchScreen_Generation = YES;
				INFOPLIST_KEY_UISupportedInterfaceOrientations_iPad = "UIInterfaceOrientationPortrait UIInterfaceOrientationPortraitUpsideDown UIInterfaceOrientationLandscapeLeft UIInterfaceOrientationLandscapeRight";
				INFOPLIST_KEY_UISupportedInterfaceOrientations_iPhone = "UIInterfaceOrientationPortrait UIInterfaceOrientationLandscapeLeft UIInterfaceOrientationLandscapeRight";
				LD_RUNPATH_SEARCH_PATHS = (
					"$(inherited)",
					"@executable_path/Frameworks",
				);
				MARKETING_VERSION = 1.0;
				PRODUCT_BUNDLE_IDENTIFIER = "pl.smoscicki.JSON-Parsing";
				PRODUCT_NAME = "$(TARGET_NAME)";
				SWIFT_EMIT_LOC_STRINGS = YES;
				SWIFT_VERSION = 5.0;
				TARGETED_DEVICE_FAMILY = "1,2";
			};
			name = Debug;
		};
		04375A3729F2EA9A00D92EC5 /* Release */ = {
			isa = XCBuildConfiguration;
			buildSettings = {
				ASSETCATALOG_COMPILER_APPICON_NAME = AppIcon;
				ASSETCATALOG_COMPILER_GLOBAL_ACCENT_COLOR_NAME = AccentColor;
				CODE_SIGN_STYLE = Automatic;
				CURRENT_PROJECT_VERSION = 1;
				DEVELOPMENT_ASSET_PATHS = "\"JSON Parsing/Preview Content\"";
				ENABLE_PREVIEWS = YES;
				GENERATE_INFOPLIST_FILE = YES;
				INFOPLIST_KEY_UIApplicationSceneManifest_Generation = YES;
				INFOPLIST_KEY_UIApplicationSupportsIndirectInputEvents = YES;
				INFOPLIST_KEY_UILaunchScreen_Generation = YES;
				INFOPLIST_KEY_UISupportedInterfaceOrientations_iPad = "UIInterfaceOrientationPortrait UIInterfaceOrientationPortraitUpsideDown UIInterfaceOrientationLandscapeLeft UIInterfaceOrientationLandscapeRight";
				INFOPLIST_KEY_UISupportedInterfaceOrientations_iPhone = "UIInterfaceOrientationPortrait UIInterfaceOrientationLandscapeLeft UIInterfaceOrientationLandscapeRight";
				LD_RUNPATH_SEARCH_PATHS = (
					"$(inherited)",
					"@executable_path/Frameworks",
				);
				MARKETING_VERSION = 1.0;
				PRODUCT_BUNDLE_IDENTIFIER = "pl.smoscicki.JSON-Parsing";
				PRODUCT_NAME = "$(TARGET_NAME)";
				SWIFT_EMIT_LOC_STRINGS = YES;
				SWIFT_VERSION = 5.0;
				TARGETED_DEVICE_FAMILY = "1,2";
			};
			name = Release;
		};
/* End XCBuildConfiguration section */

/* Begin XCConfigurationList section */
		04375A2229F2EA9800D92EC5 /* Build configuration list for PBXProject "JSON Parsing" */ = {
			isa = XCConfigurationList;
			buildConfigurations = (
				04375A3329F2EA9A00D92EC5 /* Debug */,
				04375A3429F2EA9A00D92EC5 /* Release */,
			);
			defaultConfigurationIsVisible = 0;
			defaultConfigurationName = Release;
		};
		04375A3529F2EA9A00D92EC5 /* Build configuration list for PBXNativeTarget "JSON Parsing" */ = {
			isa = XCConfigurationList;
			buildConfigurations = (
				04375A3629F2EA9A00D92EC5 /* Debug */,
				04375A3729F2EA9A00D92EC5 /* Release */,
			);
			defaultConfigurationIsVisible = 0;
			defaultConfigurationName = Release;
		};
/* End XCConfigurationList section */
	};
	rootObject = 04375A1F29F2EA9800D92EC5 /* Project object */;
}
